// !$*UTF8*$!
{
	archiveVersion = 1;
	classes = {
	};
	objectVersion = 51;
	objects = {

/* Begin PBXBuildFile section */
		702D1A017AEA4CF28271D67A /* Pods_ModbusApp.framework in Frameworks */ = {isa = PBXBuildFile; fileRef = DEB39AC2864479CFBFE10BCC /* Pods_ModbusApp.framework */; };
		7710C580252C6A8500749281 /* NetworkError.swift in Sources */ = {isa = PBXBuildFile; fileRef = 7710C57F252C6A8500749281 /* NetworkError.swift */; };
		7710C584252C6DA500749281 /* Util.swift in Sources */ = {isa = PBXBuildFile; fileRef = 7710C583252C6DA500749281 /* Util.swift */; };
		7710C586252C6DEC00749281 /* NetworkLogger.swift in Sources */ = {isa = PBXBuildFile; fileRef = 7710C585252C6DEC00749281 /* NetworkLogger.swift */; };
		7710C589252C725B00749281 /* WebServicesTests.swift in Sources */ = {isa = PBXBuildFile; fileRef = 7710C588252C725B00749281 /* WebServicesTests.swift */; };
		7710C58C252C72B400749281 /* MockURLSession.swift in Sources */ = {isa = PBXBuildFile; fileRef = 7710C58B252C72B300749281 /* MockURLSession.swift */; };
		7710C58E252C792500749281 /* invalid.json in Resources */ = {isa = PBXBuildFile; fileRef = 7710C58D252C792500749281 /* invalid.json */; };
		7710C590252C792B00749281 /* modbus.json in Resources */ = {isa = PBXBuildFile; fileRef = 7710C58F252C792B00749281 /* modbus.json */; };
		7710C592252C793200749281 /* MockDataTask.swift in Sources */ = {isa = PBXBuildFile; fileRef = 7710C591252C793200749281 /* MockDataTask.swift */; };
		7719CFA1252DE8E50031A856 /* Modbus.swift in Sources */ = {isa = PBXBuildFile; fileRef = 7719CFA0252DE8E50031A856 /* Modbus.swift */; };
		77B0791F252B393C005D9D0A /* AppDelegate.swift in Sources */ = {isa = PBXBuildFile; fileRef = 77B0791E252B393C005D9D0A /* AppDelegate.swift */; };
		77B07921252B393C005D9D0A /* SceneDelegate.swift in Sources */ = {isa = PBXBuildFile; fileRef = 77B07920252B393C005D9D0A /* SceneDelegate.swift */; };
		77B07926252B393C005D9D0A /* Main.storyboard in Resources */ = {isa = PBXBuildFile; fileRef = 77B07924252B393C005D9D0A /* Main.storyboard */; };
		77B07928252B393D005D9D0A /* Assets.xcassets in Resources */ = {isa = PBXBuildFile; fileRef = 77B07927252B393D005D9D0A /* Assets.xcassets */; };
		77B0792B252B393D005D9D0A /* LaunchScreen.storyboard in Resources */ = {isa = PBXBuildFile; fileRef = 77B07929252B393D005D9D0A /* LaunchScreen.storyboard */; };
		77B07941252B3965005D9D0A /* README.md in Resources */ = {isa = PBXBuildFile; fileRef = 77B07940252B3965005D9D0A /* README.md */; };
		77B07949252B39B5005D9D0A /* ModbusViewController.swift in Sources */ = {isa = PBXBuildFile; fileRef = 77B07947252B39B5005D9D0A /* ModbusViewController.swift */; };
		77B0795B252B4E3A005D9D0A /* WebServices.swift in Sources */ = {isa = PBXBuildFile; fileRef = 77B0795A252B4E3A005D9D0A /* WebServices.swift */; };
		77B0795D252B4F79005D9D0A /* NetworkRequest.swift in Sources */ = {isa = PBXBuildFile; fileRef = 77B0795C252B4F79005D9D0A /* NetworkRequest.swift */; };
		77B0795F252B4FDD005D9D0A /* Router.swift in Sources */ = {isa = PBXBuildFile; fileRef = 77B0795E252B4FDD005D9D0A /* Router.swift */; };
		77B07963252B5209005D9D0A /* Constants.swift in Sources */ = {isa = PBXBuildFile; fileRef = 77B07962252B5209005D9D0A /* Constants.swift */; };
		9679422602B8AD0932B3CD8D /* Pods_ModbusAppTests.framework in Frameworks */ = {isa = PBXBuildFile; fileRef = 7B306952ECD43280FD5D7EA3 /* Pods_ModbusAppTests.framework */; };
/* End PBXBuildFile section */

/* Begin PBXContainerItemProxy section */
		77B07932252B393D005D9D0A /* PBXContainerItemProxy */ = {
			isa = PBXContainerItemProxy;
			containerPortal = 77B07913252B393C005D9D0A /* Project object */;
			proxyType = 1;
			remoteGlobalIDString = 77B0791A252B393C005D9D0A;
			remoteInfo = ModbusApp;
		};
/* End PBXContainerItemProxy section */

/* Begin PBXFileReference section */
		7710C57F252C6A8500749281 /* NetworkError.swift */ = {isa = PBXFileReference; fileEncoding = 4; lastKnownFileType = sourcecode.swift; path = NetworkError.swift; sourceTree = "<group>"; };
		7710C583252C6DA500749281 /* Util.swift */ = {isa = PBXFileReference; fileEncoding = 4; lastKnownFileType = sourcecode.swift; path = Util.swift; sourceTree = "<group>"; };
		7710C585252C6DEC00749281 /* NetworkLogger.swift */ = {isa = PBXFileReference; fileEncoding = 4; lastKnownFileType = sourcecode.swift; path = NetworkLogger.swift; sourceTree = "<group>"; };
		7710C587252C725A00749281 /* ModbusAppTests-Bridging-Header.h */ = {isa = PBXFileReference; lastKnownFileType = sourcecode.c.h; path = "ModbusAppTests-Bridging-Header.h"; sourceTree = "<group>"; };
		7710C588252C725B00749281 /* WebServicesTests.swift */ = {isa = PBXFileReference; fileEncoding = 4; lastKnownFileType = sourcecode.swift; path = WebServicesTests.swift; sourceTree = "<group>"; };
		7710C58B252C72B300749281 /* MockURLSession.swift */ = {isa = PBXFileReference; fileEncoding = 4; lastKnownFileType = sourcecode.swift; path = MockURLSession.swift; sourceTree = "<group>"; };
		7710C58D252C792500749281 /* invalid.json */ = {isa = PBXFileReference; fileEncoding = 4; lastKnownFileType = text.json; path = invalid.json; sourceTree = "<group>"; };
		7710C58F252C792B00749281 /* modbus.json */ = {isa = PBXFileReference; fileEncoding = 4; lastKnownFileType = text.json; path = modbus.json; sourceTree = "<group>"; };
		7710C591252C793200749281 /* MockDataTask.swift */ = {isa = PBXFileReference; fileEncoding = 4; lastKnownFileType = sourcecode.swift; path = MockDataTask.swift; sourceTree = "<group>"; };
		7719CFA0252DE8E50031A856 /* Modbus.swift */ = {isa = PBXFileReference; fileEncoding = 4; lastKnownFileType = sourcecode.swift; path = Modbus.swift; sourceTree = "<group>"; };
		77B0791B252B393C005D9D0A /* ModbusApp.app */ = {isa = PBXFileReference; explicitFileType = wrapper.application; includeInIndex = 0; path = ModbusApp.app; sourceTree = BUILT_PRODUCTS_DIR; };
		77B0791E252B393C005D9D0A /* AppDelegate.swift */ = {isa = PBXFileReference; lastKnownFileType = sourcecode.swift; path = AppDelegate.swift; sourceTree = "<group>"; };
		77B07920252B393C005D9D0A /* SceneDelegate.swift */ = {isa = PBXFileReference; lastKnownFileType = sourcecode.swift; path = SceneDelegate.swift; sourceTree = "<group>"; };
		77B07925252B393C005D9D0A /* Base */ = {isa = PBXFileReference; lastKnownFileType = file.storyboard; name = Base; path = Base.lproj/Main.storyboard; sourceTree = "<group>"; };
		77B07927252B393D005D9D0A /* Assets.xcassets */ = {isa = PBXFileReference; lastKnownFileType = folder.assetcatalog; path = Assets.xcassets; sourceTree = "<group>"; };
		77B0792A252B393D005D9D0A /* Base */ = {isa = PBXFileReference; lastKnownFileType = file.storyboard; name = Base; path = Base.lproj/LaunchScreen.storyboard; sourceTree = "<group>"; };
		77B0792C252B393D005D9D0A /* Info.plist */ = {isa = PBXFileReference; lastKnownFileType = text.plist.xml; path = Info.plist; sourceTree = "<group>"; };
		77B07931252B393D005D9D0A /* ModbusAppTests.xctest */ = {isa = PBXFileReference; explicitFileType = wrapper.cfbundle; includeInIndex = 0; path = ModbusAppTests.xctest; sourceTree = BUILT_PRODUCTS_DIR; };
		77B07937252B393D005D9D0A /* Info.plist */ = {isa = PBXFileReference; lastKnownFileType = text.plist.xml; path = Info.plist; sourceTree = "<group>"; };
		77B07940252B3965005D9D0A /* README.md */ = {isa = PBXFileReference; fileEncoding = 4; lastKnownFileType = net.daringfireball.markdown; path = README.md; sourceTree = "<group>"; };
		77B07947252B39B5005D9D0A /* ModbusViewController.swift */ = {isa = PBXFileReference; fileEncoding = 4; lastKnownFileType = sourcecode.swift; path = ModbusViewController.swift; sourceTree = "<group>"; };
		77B0795A252B4E3A005D9D0A /* WebServices.swift */ = {isa = PBXFileReference; lastKnownFileType = sourcecode.swift; path = WebServices.swift; sourceTree = "<group>"; };
		77B0795C252B4F79005D9D0A /* NetworkRequest.swift */ = {isa = PBXFileReference; lastKnownFileType = sourcecode.swift; path = NetworkRequest.swift; sourceTree = "<group>"; };
		77B0795E252B4FDD005D9D0A /* Router.swift */ = {isa = PBXFileReference; lastKnownFileType = sourcecode.swift; path = Router.swift; sourceTree = "<group>"; };
		77B07962252B5209005D9D0A /* Constants.swift */ = {isa = PBXFileReference; lastKnownFileType = sourcecode.swift; path = Constants.swift; sourceTree = "<group>"; };
		7B306952ECD43280FD5D7EA3 /* Pods_ModbusAppTests.framework */ = {isa = PBXFileReference; explicitFileType = wrapper.framework; includeInIndex = 0; path = Pods_ModbusAppTests.framework; sourceTree = BUILT_PRODUCTS_DIR; };
		88FB6403EC7AE30254D86C8C /* Pods-ModbusAppTests.release.xcconfig */ = {isa = PBXFileReference; includeInIndex = 1; lastKnownFileType = text.xcconfig; name = "Pods-ModbusAppTests.release.xcconfig"; path = "Target Support Files/Pods-ModbusAppTests/Pods-ModbusAppTests.release.xcconfig"; sourceTree = "<group>"; };
		9D30E1CF31CE8821FD13954B /* Pods-ModbusApp.release.xcconfig */ = {isa = PBXFileReference; includeInIndex = 1; lastKnownFileType = text.xcconfig; name = "Pods-ModbusApp.release.xcconfig"; path = "Target Support Files/Pods-ModbusApp/Pods-ModbusApp.release.xcconfig"; sourceTree = "<group>"; };
		BBD1C31A175FA3483A1D07BA /* Pods-ModbusAppTests.debug.xcconfig */ = {isa = PBXFileReference; includeInIndex = 1; lastKnownFileType = text.xcconfig; name = "Pods-ModbusAppTests.debug.xcconfig"; path = "Target Support Files/Pods-ModbusAppTests/Pods-ModbusAppTests.debug.xcconfig"; sourceTree = "<group>"; };
		DEB39AC2864479CFBFE10BCC /* Pods_ModbusApp.framework */ = {isa = PBXFileReference; explicitFileType = wrapper.framework; includeInIndex = 0; path = Pods_ModbusApp.framework; sourceTree = BUILT_PRODUCTS_DIR; };
		E2CDB26BF768C06A00B0223D /* Pods-ModbusApp.debug.xcconfig */ = {isa = PBXFileReference; includeInIndex = 1; lastKnownFileType = text.xcconfig; name = "Pods-ModbusApp.debug.xcconfig"; path = "Target Support Files/Pods-ModbusApp/Pods-ModbusApp.debug.xcconfig"; sourceTree = "<group>"; };
/* End PBXFileReference section */

/* Begin PBXFrameworksBuildPhase section */
		77B07918252B393C005D9D0A /* Frameworks */ = {
			isa = PBXFrameworksBuildPhase;
			buildActionMask = 2147483647;
			files = (
				702D1A017AEA4CF28271D67A /* Pods_ModbusApp.framework in Frameworks */,
			);
			runOnlyForDeploymentPostprocessing = 0;
		};
		77B0792E252B393D005D9D0A /* Frameworks */ = {
			isa = PBXFrameworksBuildPhase;
			buildActionMask = 2147483647;
			files = (
				9679422602B8AD0932B3CD8D /* Pods_ModbusAppTests.framework in Frameworks */,
			);
			runOnlyForDeploymentPostprocessing = 0;
		};
/* End PBXFrameworksBuildPhase section */

/* Begin PBXGroup section */
		7710C58A252C72A500749281 /* Mock */ = {
			isa = PBXGroup;
			children = (
				7710C591252C793200749281 /* MockDataTask.swift */,
				7710C58B252C72B300749281 /* MockURLSession.swift */,
			);
			path = Mock;
			sourceTree = "<group>";
		};
		7719CF9D252DD8990031A856 /* Cell */ = {
			isa = PBXGroup;
			children = (
			);
			path = Cell;
			sourceTree = "<group>";
		};
		77B07912252B393C005D9D0A = {
			isa = PBXGroup;
			children = (
				77B07940252B3965005D9D0A /* README.md */,
				77B0791D252B393C005D9D0A /* ModbusApp */,
				77B07934252B393D005D9D0A /* ModbusAppTests */,
				77B0791C252B393C005D9D0A /* Products */,
				A9EE94FC673EC599A95FB285 /* Pods */,
				BC457659BFF475739466FEAB /* Frameworks */,
			);
			sourceTree = "<group>";
		};
		77B0791C252B393C005D9D0A /* Products */ = {
			isa = PBXGroup;
			children = (
				77B0791B252B393C005D9D0A /* ModbusApp.app */,
				77B07931252B393D005D9D0A /* ModbusAppTests.xctest */,
			);
			name = Products;
			sourceTree = "<group>";
		};
		77B0791D252B393C005D9D0A /* ModbusApp */ = {
			isa = PBXGroup;
			children = (
				77B07955252B4BA7005D9D0A /* NetworkRequest */,
				77B07945252B39B5005D9D0A /* Util */,
				77B07948252B39B5005D9D0A /* Model */,
				77B07944252B39B4005D9D0A /* ViewModel */,
				77B07946252B39B5005D9D0A /* View */,
				77B0791E252B393C005D9D0A /* AppDelegate.swift */,
				77B07920252B393C005D9D0A /* SceneDelegate.swift */,
				77B07924252B393C005D9D0A /* Main.storyboard */,
				77B07927252B393D005D9D0A /* Assets.xcassets */,
				77B07929252B393D005D9D0A /* LaunchScreen.storyboard */,
				77B0792C252B393D005D9D0A /* Info.plist */,
			);
			path = ModbusApp;
			sourceTree = "<group>";
		};
		77B07934252B393D005D9D0A /* ModbusAppTests */ = {
			isa = PBXGroup;
			children = (
				7710C58D252C792500749281 /* invalid.json */,
				7710C58F252C792B00749281 /* modbus.json */,
				7710C58A252C72A500749281 /* Mock */,
				7710C588252C725B00749281 /* WebServicesTests.swift */,
				77B07937252B393D005D9D0A /* Info.plist */,
				7710C587252C725A00749281 /* ModbusAppTests-Bridging-Header.h */,
			);
			path = ModbusAppTests;
			sourceTree = "<group>";
		};
		77B07944252B39B4005D9D0A /* ViewModel */ = {
			isa = PBXGroup;
			children = (
			);
			path = ViewModel;
			sourceTree = "<group>";
		};
		77B07945252B39B5005D9D0A /* Util */ = {
			isa = PBXGroup;
			children = (
				7710C583252C6DA500749281 /* Util.swift */,
				77B07962252B5209005D9D0A /* Constants.swift */,
			);
			path = Util;
			sourceTree = "<group>";
		};
		77B07946252B39B5005D9D0A /* View */ = {
			isa = PBXGroup;
			children = (
				7719CF9D252DD8990031A856 /* Cell */,
				77B07947252B39B5005D9D0A /* ModbusViewController.swift */,
			);
			path = View;
			sourceTree = "<group>";
		};
		77B07948252B39B5005D9D0A /* Model */ = {
			isa = PBXGroup;
			children = (
				77B07950252B468B005D9D0A /* Modbus */,
			);
			path = Model;
			sourceTree = "<group>";
		};
		77B07950252B468B005D9D0A /* Modbus */ = {
			isa = PBXGroup;
			children = (
				7719CFA0252DE8E50031A856 /* Modbus.swift */,
			);
			path = Modbus;
			sourceTree = "<group>";
		};
		77B07955252B4BA7005D9D0A /* NetworkRequest */ = {
			isa = PBXGroup;
			children = (
				7710C57F252C6A8500749281 /* NetworkError.swift */,
				77B0795A252B4E3A005D9D0A /* WebServices.swift */,
				77B0795C252B4F79005D9D0A /* NetworkRequest.swift */,
				77B0795E252B4FDD005D9D0A /* Router.swift */,
				7710C585252C6DEC00749281 /* NetworkLogger.swift */,
			);
			path = NetworkRequest;
			sourceTree = "<group>";
		};
		A9EE94FC673EC599A95FB285 /* Pods */ = {
			isa = PBXGroup;
			children = (
				E2CDB26BF768C06A00B0223D /* Pods-ModbusApp.debug.xcconfig */,
				9D30E1CF31CE8821FD13954B /* Pods-ModbusApp.release.xcconfig */,
				BBD1C31A175FA3483A1D07BA /* Pods-ModbusAppTests.debug.xcconfig */,
				88FB6403EC7AE30254D86C8C /* Pods-ModbusAppTests.release.xcconfig */,
			);
			path = Pods;
			sourceTree = "<group>";
		};
		BC457659BFF475739466FEAB /* Frameworks */ = {
			isa = PBXGroup;
			children = (
				DEB39AC2864479CFBFE10BCC /* Pods_ModbusApp.framework */,
				7B306952ECD43280FD5D7EA3 /* Pods_ModbusAppTests.framework */,
			);
			name = Frameworks;
			sourceTree = "<group>";
		};
/* End PBXGroup section */

/* Begin PBXNativeTarget section */
		77B0791A252B393C005D9D0A /* ModbusApp */ = {
			isa = PBXNativeTarget;
			buildConfigurationList = 77B0793A252B393D005D9D0A /* Build configuration list for PBXNativeTarget "ModbusApp" */;
			buildPhases = (
				90355F614D023B95AB5A384C /* [CP] Check Pods Manifest.lock */,
				77B07917252B393C005D9D0A /* Sources */,
				77B07918252B393C005D9D0A /* Frameworks */,
				77B07919252B393C005D9D0A /* Resources */,
				6518B882C2BC56000C091B0F /* [CP] Embed Pods Frameworks */,
			);
			buildRules = (
			);
			dependencies = (
			);
			name = ModbusApp;
			productName = ModbusApp;
			productReference = 77B0791B252B393C005D9D0A /* ModbusApp.app */;
			productType = "com.apple.product-type.application";
		};
		77B07930252B393D005D9D0A /* ModbusAppTests */ = {
			isa = PBXNativeTarget;
			buildConfigurationList = 77B0793D252B393D005D9D0A /* Build configuration list for PBXNativeTarget "ModbusAppTests" */;
			buildPhases = (
				D86DCB72BEBD70466A83DD77 /* [CP] Check Pods Manifest.lock */,
				77B0792D252B393D005D9D0A /* Sources */,
				77B0792E252B393D005D9D0A /* Frameworks */,
				77B0792F252B393D005D9D0A /* Resources */,
			);
			buildRules = (
			);
			dependencies = (
				77B07933252B393D005D9D0A /* PBXTargetDependency */,
			);
			name = ModbusAppTests;
			productName = ModbusAppTests;
			productReference = 77B07931252B393D005D9D0A /* ModbusAppTests.xctest */;
			productType = "com.apple.product-type.bundle.unit-test";
		};
/* End PBXNativeTarget section */

/* Begin PBXProject section */
		77B07913252B393C005D9D0A /* Project object */ = {
			isa = PBXProject;
			attributes = {
				LastSwiftUpdateCheck = 1160;
				LastUpgradeCheck = 1160;
				ORGANIZATIONNAME = skj;
				TargetAttributes = {
					77B0791A252B393C005D9D0A = {
						CreatedOnToolsVersion = 11.6;
					};
					77B07930252B393D005D9D0A = {
						CreatedOnToolsVersion = 11.6;
						LastSwiftMigration = 1160;
						TestTargetID = 77B0791A252B393C005D9D0A;
					};
				};
			};
			buildConfigurationList = 77B07916252B393C005D9D0A /* Build configuration list for PBXProject "ModbusApp" */;
			compatibilityVersion = "Xcode 9.3";
			developmentRegion = en;
			hasScannedForEncodings = 0;
			knownRegions = (
				en,
				Base,
			);
			mainGroup = 77B07912252B393C005D9D0A;
			productRefGroup = 77B0791C252B393C005D9D0A /* Products */;
			projectDirPath = "";
			projectRoot = "";
			targets = (
				77B0791A252B393C005D9D0A /* ModbusApp */,
				77B07930252B393D005D9D0A /* ModbusAppTests */,
			);
		};
/* End PBXProject section */

/* Begin PBXResourcesBuildPhase section */
		77B07919252B393C005D9D0A /* Resources */ = {
			isa = PBXResourcesBuildPhase;
			buildActionMask = 2147483647;
			files = (
				77B0792B252B393D005D9D0A /* LaunchScreen.storyboard in Resources */,
				77B07928252B393D005D9D0A /* Assets.xcassets in Resources */,
				77B07941252B3965005D9D0A /* README.md in Resources */,
				77B07926252B393C005D9D0A /* Main.storyboard in Resources */,
			);
			runOnlyForDeploymentPostprocessing = 0;
		};
		77B0792F252B393D005D9D0A /* Resources */ = {
			isa = PBXResourcesBuildPhase;
			buildActionMask = 2147483647;
			files = (
				7710C58E252C792500749281 /* invalid.json in Resources */,
				7710C590252C792B00749281 /* modbus.json in Resources */,
			);
			runOnlyForDeploymentPostprocessing = 0;
		};
/* End PBXResourcesBuildPhase section */

/* Begin PBXShellScriptBuildPhase section */
		6518B882C2BC56000C091B0F /* [CP] Embed Pods Frameworks */ = {
			isa = PBXShellScriptBuildPhase;
			buildActionMask = 2147483647;
			files = (
			);
			inputFileListPaths = (
				"${PODS_ROOT}/Target Support Files/Pods-ModbusApp/Pods-ModbusApp-frameworks-${CONFIGURATION}-input-files.xcfilelist",
			);
			name = "[CP] Embed Pods Frameworks";
			outputFileListPaths = (
				"${PODS_ROOT}/Target Support Files/Pods-ModbusApp/Pods-ModbusApp-frameworks-${CONFIGURATION}-output-files.xcfilelist",
			);
			runOnlyForDeploymentPostprocessing = 0;
			shellPath = /bin/sh;
			shellScript = "\"${PODS_ROOT}/Target Support Files/Pods-ModbusApp/Pods-ModbusApp-frameworks.sh\"\n";
			showEnvVarsInLog = 0;
		};
		90355F614D023B95AB5A384C /* [CP] Check Pods Manifest.lock */ = {
			isa = PBXShellScriptBuildPhase;
			buildActionMask = 2147483647;
			files = (
			);
			inputFileListPaths = (
			);
			inputPaths = (
				"${PODS_PODFILE_DIR_PATH}/Podfile.lock",
				"${PODS_ROOT}/Manifest.lock",
			);
			name = "[CP] Check Pods Manifest.lock";
			outputFileListPaths = (
			);
			outputPaths = (
				"$(DERIVED_FILE_DIR)/Pods-ModbusApp-checkManifestLockResult.txt",
			);
			runOnlyForDeploymentPostprocessing = 0;
			shellPath = /bin/sh;
			shellScript = "diff \"${PODS_PODFILE_DIR_PATH}/Podfile.lock\" \"${PODS_ROOT}/Manifest.lock\" > /dev/null\nif [ $? != 0 ] ; then\n    # print error to STDERR\n    echo \"error: The sandbox is not in sync with the Podfile.lock. Run 'pod install' or update your CocoaPods installation.\" >&2\n    exit 1\nfi\n# This output is used by Xcode 'outputs' to avoid re-running this script phase.\necho \"SUCCESS\" > \"${SCRIPT_OUTPUT_FILE_0}\"\n";
			showEnvVarsInLog = 0;
		};
		D86DCB72BEBD70466A83DD77 /* [CP] Check Pods Manifest.lock */ = {
			isa = PBXShellScriptBuildPhase;
			buildActionMask = 2147483647;
			files = (
			);
			inputFileListPaths = (
			);
			inputPaths = (
				"${PODS_PODFILE_DIR_PATH}/Podfile.lock",
				"${PODS_ROOT}/Manifest.lock",
			);
			name = "[CP] Check Pods Manifest.lock";
			outputFileListPaths = (
			);
			outputPaths = (
				"$(DERIVED_FILE_DIR)/Pods-ModbusAppTests-checkManifestLockResult.txt",
			);
			runOnlyForDeploymentPostprocessing = 0;
			shellPath = /bin/sh;
			shellScript = "diff \"${PODS_PODFILE_DIR_PATH}/Podfile.lock\" \"${PODS_ROOT}/Manifest.lock\" > /dev/null\nif [ $? != 0 ] ; then\n    # print error to STDERR\n    echo \"error: The sandbox is not in sync with the Podfile.lock. Run 'pod install' or update your CocoaPods installation.\" >&2\n    exit 1\nfi\n# This output is used by Xcode 'outputs' to avoid re-running this script phase.\necho \"SUCCESS\" > \"${SCRIPT_OUTPUT_FILE_0}\"\n";
			showEnvVarsInLog = 0;
		};
/* End PBXShellScriptBuildPhase section */

/* Begin PBXSourcesBuildPhase section */
		77B07917252B393C005D9D0A /* Sources */ = {
			isa = PBXSourcesBuildPhase;
			buildActionMask = 2147483647;
			files = (
				7710C586252C6DEC00749281 /* NetworkLogger.swift in Sources */,
				7710C584252C6DA500749281 /* Util.swift in Sources */,
				77B0795F252B4FDD005D9D0A /* Router.swift in Sources */,
				77B0795D252B4F79005D9D0A /* NetworkRequest.swift in Sources */,
				77B0791F252B393C005D9D0A /* AppDelegate.swift in Sources */,
				77B07921252B393C005D9D0A /* SceneDelegate.swift in Sources */,
				77B07949252B39B5005D9D0A /* ModbusViewController.swift in Sources */,
				77B0795B252B4E3A005D9D0A /* WebServices.swift in Sources */,
				77B07963252B5209005D9D0A /* Constants.swift in Sources */,
				7719CFA1252DE8E50031A856 /* Modbus.swift in Sources */,
				7710C580252C6A8500749281 /* NetworkError.swift in Sources */,
			);
			runOnlyForDeploymentPostprocessing = 0;
		};
		77B0792D252B393D005D9D0A /* Sources */ = {
			isa = PBXSourcesBuildPhase;
			buildActionMask = 2147483647;
			files = (
				7710C58C252C72B400749281 /* MockURLSession.swift in Sources */,
				7710C592252C793200749281 /* MockDataTask.swift in Sources */,
				7710C589252C725B00749281 /* WebServicesTests.swift in Sources */,
			);
			runOnlyForDeploymentPostprocessing = 0;
		};
/* End PBXSourcesBuildPhase section */

/* Begin PBXTargetDependency section */
		77B07933252B393D005D9D0A /* PBXTargetDependency */ = {
			isa = PBXTargetDependency;
			target = 77B0791A252B393C005D9D0A /* ModbusApp */;
			targetProxy = 77B07932252B393D005D9D0A /* PBXContainerItemProxy */;
		};
/* End PBXTargetDependency section */

/* Begin PBXVariantGroup section */
		77B07924252B393C005D9D0A /* Main.storyboard */ = {
			isa = PBXVariantGroup;
			children = (
				77B07925252B393C005D9D0A /* Base */,
			);
			name = Main.storyboard;
			sourceTree = "<group>";
		};
		77B07929252B393D005D9D0A /* LaunchScreen.storyboard */ = {
			isa = PBXVariantGroup;
			children = (
				77B0792A252B393D005D9D0A /* Base */,
			);
			name = LaunchScreen.storyboard;
			sourceTree = "<group>";
		};
/* End PBXVariantGroup section */

/* Begin XCBuildConfiguration section */
		77B07938252B393D005D9D0A /* Debug */ = {
			isa = XCBuildConfiguration;
			buildSettings = {
				ALWAYS_SEARCH_USER_PATHS = NO;
				CLANG_ANALYZER_NONNULL = YES;
				CLANG_ANALYZER_NUMBER_OBJECT_CONVERSION = YES_AGGRESSIVE;
				CLANG_CXX_LANGUAGE_STANDARD = "gnu++14";
				CLANG_CXX_LIBRARY = "libc++";
				CLANG_ENABLE_MODULES = YES;
				CLANG_ENABLE_OBJC_ARC = YES;
				CLANG_ENABLE_OBJC_WEAK = YES;
				CLANG_WARN_BLOCK_CAPTURE_AUTORELEASING = YES;
				CLANG_WARN_BOOL_CONVERSION = YES;
				CLANG_WARN_COMMA = YES;
				CLANG_WARN_CONSTANT_CONVERSION = YES;
				CLANG_WARN_DEPRECATED_OBJC_IMPLEMENTATIONS = YES;
				CLANG_WARN_DIRECT_OBJC_ISA_USAGE = YES_ERROR;
				CLANG_WARN_DOCUMENTATION_COMMENTS = YES;
				CLANG_WARN_EMPTY_BODY = YES;
				CLANG_WARN_ENUM_CONVERSION = YES;
				CLANG_WARN_INFINITE_RECURSION = YES;
				CLANG_WARN_INT_CONVERSION = YES;
				CLANG_WARN_NON_LITERAL_NULL_CONVERSION = YES;
				CLANG_WARN_OBJC_IMPLICIT_RETAIN_SELF = YES;
				CLANG_WARN_OBJC_LITERAL_CONVERSION = YES;
				CLANG_WARN_OBJC_ROOT_CLASS = YES_ERROR;
				CLANG_WARN_RANGE_LOOP_ANALYSIS = YES;
				CLANG_WARN_STRICT_PROTOTYPES = YES;
				CLANG_WARN_SUSPICIOUS_MOVE = YES;
				CLANG_WARN_UNGUARDED_AVAILABILITY = YES_AGGRESSIVE;
				CLANG_WARN_UNREACHABLE_CODE = YES;
				CLANG_WARN__DUPLICATE_METHOD_MATCH = YES;
				COPY_PHASE_STRIP = NO;
				DEBUG_INFORMATION_FORMAT = dwarf;
				ENABLE_STRICT_OBJC_MSGSEND = YES;
				ENABLE_TESTABILITY = YES;
				GCC_C_LANGUAGE_STANDARD = gnu11;
				GCC_DYNAMIC_NO_PIC = NO;
				GCC_NO_COMMON_BLOCKS = YES;
				GCC_OPTIMIZATION_LEVEL = 0;
				GCC_PREPROCESSOR_DEFINITIONS = (
					"DEBUG=1",
					"$(inherited)",
				);
				GCC_WARN_64_TO_32_BIT_CONVERSION = YES;
				GCC_WARN_ABOUT_RETURN_TYPE = YES_ERROR;
				GCC_WARN_UNDECLARED_SELECTOR = YES;
				GCC_WARN_UNINITIALIZED_AUTOS = YES_AGGRESSIVE;
				GCC_WARN_UNUSED_FUNCTION = YES;
				GCC_WARN_UNUSED_VARIABLE = YES;
				IPHONEOS_DEPLOYMENT_TARGET = 13.6;
				MTL_ENABLE_DEBUG_INFO = INCLUDE_SOURCE;
				MTL_FAST_MATH = YES;
				ONLY_ACTIVE_ARCH = YES;
				SDKROOT = iphoneos;
				SWIFT_ACTIVE_COMPILATION_CONDITIONS = DEBUG;
				SWIFT_OPTIMIZATION_LEVEL = "-Onone";
			};
			name = Debug;
		};
		77B07939252B393D005D9D0A /* Release */ = {
			isa = XCBuildConfiguration;
			buildSettings = {
				ALWAYS_SEARCH_USER_PATHS = NO;
				CLANG_ANALYZER_NONNULL = YES;
				CLANG_ANALYZER_NUMBER_OBJECT_CONVERSION = YES_AGGRESSIVE;
				CLANG_CXX_LANGUAGE_STANDARD = "gnu++14";
				CLANG_CXX_LIBRARY = "libc++";
				CLANG_ENABLE_MODULES = YES;
				CLANG_ENABLE_OBJC_ARC = YES;
				CLANG_ENABLE_OBJC_WEAK = YES;
				CLANG_WARN_BLOCK_CAPTURE_AUTORELEASING = YES;
				CLANG_WARN_BOOL_CONVERSION = YES;
				CLANG_WARN_COMMA = YES;
				CLANG_WARN_CONSTANT_CONVERSION = YES;
				CLANG_WARN_DEPRECATED_OBJC_IMPLEMENTATIONS = YES;
				CLANG_WARN_DIRECT_OBJC_ISA_USAGE = YES_ERROR;
				CLANG_WARN_DOCUMENTATION_COMMENTS = YES;
				CLANG_WARN_EMPTY_BODY = YES;
				CLANG_WARN_ENUM_CONVERSION = YES;
				CLANG_WARN_INFINITE_RECURSION = YES;
				CLANG_WARN_INT_CONVERSION = YES;
				CLANG_WARN_NON_LITERAL_NULL_CONVERSION = YES;
				CLANG_WARN_OBJC_IMPLICIT_RETAIN_SELF = YES;
				CLANG_WARN_OBJC_LITERAL_CONVERSION = YES;
				CLANG_WARN_OBJC_ROOT_CLASS = YES_ERROR;
				CLANG_WARN_RANGE_LOOP_ANALYSIS = YES;
				CLANG_WARN_STRICT_PROTOTYPES = YES;
				CLANG_WARN_SUSPICIOUS_MOVE = YES;
				CLANG_WARN_UNGUARDED_AVAILABILITY = YES_AGGRESSIVE;
				CLANG_WARN_UNREACHABLE_CODE = YES;
				CLANG_WARN__DUPLICATE_METHOD_MATCH = YES;
				COPY_PHASE_STRIP = NO;
				DEBUG_INFORMATION_FORMAT = "dwarf-with-dsym";
				ENABLE_NS_ASSERTIONS = NO;
				ENABLE_STRICT_OBJC_MSGSEND = YES;
				GCC_C_LANGUAGE_STANDARD = gnu11;
				GCC_NO_COMMON_BLOCKS = YES;
				GCC_WARN_64_TO_32_BIT_CONVERSION = YES;
				GCC_WARN_ABOUT_RETURN_TYPE = YES_ERROR;
				GCC_WARN_UNDECLARED_SELECTOR = YES;
				GCC_WARN_UNINITIALIZED_AUTOS = YES_AGGRESSIVE;
				GCC_WARN_UNUSED_FUNCTION = YES;
				GCC_WARN_UNUSED_VARIABLE = YES;
				IPHONEOS_DEPLOYMENT_TARGET = 13.6;
				MTL_ENABLE_DEBUG_INFO = NO;
				MTL_FAST_MATH = YES;
				SDKROOT = iphoneos;
				SWIFT_COMPILATION_MODE = wholemodule;
				SWIFT_OPTIMIZATION_LEVEL = "-O";
				VALIDATE_PRODUCT = YES;
			};
			name = Release;
		};
		77B0793B252B393D005D9D0A /* Debug */ = {
			isa = XCBuildConfiguration;
			baseConfigurationReference = E2CDB26BF768C06A00B0223D /* Pods-ModbusApp.debug.xcconfig */;
			buildSettings = {
				ASSETCATALOG_COMPILER_APPICON_NAME = AppIcon;
				CODE_SIGN_STYLE = Automatic;
				INFOPLIST_FILE = ModbusApp/Info.plist;
				LD_RUNPATH_SEARCH_PATHS = (
					"$(inherited)",
					"@executable_path/Frameworks",
				);
				PRODUCT_BUNDLE_IDENTIFIER = com.skj.ModbusApp;
				PRODUCT_NAME = "$(TARGET_NAME)";
				SWIFT_VERSION = 5.0;
				TARGETED_DEVICE_FAMILY = "1,2";
			};
			name = Debug;
		};
		77B0793C252B393D005D9D0A /* Release */ = {
			isa = XCBuildConfiguration;
			baseConfigurationReference = 9D30E1CF31CE8821FD13954B /* Pods-ModbusApp.release.xcconfig */;
			buildSettings = {
				ASSETCATALOG_COMPILER_APPICON_NAME = AppIcon;
				CODE_SIGN_STYLE = Automatic;
				INFOPLIST_FILE = ModbusApp/Info.plist;
				LD_RUNPATH_SEARCH_PATHS = (
					"$(inherited)",
					"@executable_path/Frameworks",
				);
				PRODUCT_BUNDLE_IDENTIFIER = com.skj.ModbusApp;
				PRODUCT_NAME = "$(TARGET_NAME)";
				SWIFT_VERSION = 5.0;
				TARGETED_DEVICE_FAMILY = "1,2";
			};
			name = Release;
		};
		77B0793E252B393D005D9D0A /* Debug */ = {
			isa = XCBuildConfiguration;
			baseConfigurationReference = BBD1C31A175FA3483A1D07BA /* Pods-ModbusAppTests.debug.xcconfig */;
			buildSettings = {
				ALWAYS_EMBED_SWIFT_STANDARD_LIBRARIES = YES;
				BUNDLE_LOADER = "$(TEST_HOST)";
				CLANG_ENABLE_MODULES = YES;
				CODE_SIGN_STYLE = Automatic;
				INFOPLIST_FILE = ModbusAppTests/Info.plist;
				IPHONEOS_DEPLOYMENT_TARGET = 13.6;
				LD_RUNPATH_SEARCH_PATHS = (
					"$(inherited)",
					"@executable_path/Frameworks",
					"@loader_path/Frameworks",
				);
				PRODUCT_BUNDLE_IDENTIFIER = com.skj.ModbusAppTests;
				PRODUCT_NAME = "$(TARGET_NAME)";
				SWIFT_OBJC_BRIDGING_HEADER = "ModbusAppTests/ModbusAppTests-Bridging-Header.h";
				SWIFT_OPTIMIZATION_LEVEL = "-Onone";
				SWIFT_VERSION = 5.0;
				TARGETED_DEVICE_FAMILY = "1,2";
				TEST_HOST = "$(BUILT_PRODUCTS_DIR)/ModbusApp.app/ModbusApp";
			};
			name = Debug;
		};
		77B0793F252B393D005D9D0A /* Release */ = {
			isa = XCBuildConfiguration;
			baseConfigurationReference = 88FB6403EC7AE30254D86C8C /* Pods-ModbusAppTests.release.xcconfig */;
			buildSettings = {
				ALWAYS_EMBED_SWIFT_STANDARD_LIBRARIES = YES;
				BUNDLE_LOADER = "$(TEST_HOST)";
				CLANG_ENABLE_MODULES = YES;
				CODE_SIGN_STYLE = Automatic;
				INFOPLIST_FILE = ModbusAppTests/Info.plist;
				IPHONEOS_DEPLOYMENT_TARGET = 13.6;
				LD_RUNPATH_SEARCH_PATHS = (
					"$(inherited)",
					"@executable_path/Frameworks",
					"@loader_path/Frameworks",
				);
				PRODUCT_BUNDLE_IDENTIFIER = com.skj.ModbusAppTests;
				PRODUCT_NAME = "$(TARGET_NAME)";
				SWIFT_OBJC_BRIDGING_HEADER = "ModbusAppTests/ModbusAppTests-Bridging-Header.h";
				SWIFT_VERSION = 5.0;
				TARGETED_DEVICE_FAMILY = "1,2";
				TEST_HOST = "$(BUILT_PRODUCTS_DIR)/ModbusApp.app/ModbusApp";
			};
			name = Release;
		};
/* End XCBuildConfiguration section */

/* Begin XCConfigurationList section */
		77B07916252B393C005D9D0A /* Build configuration list for PBXProject "ModbusApp" */ = {
			isa = XCConfigurationList;
			buildConfigurations = (
				77B07938252B393D005D9D0A /* Debug */,
				77B07939252B393D005D9D0A /* Release */,
			);
			defaultConfigurationIsVisible = 0;
			defaultConfigurationName = Release;
		};
		77B0793A252B393D005D9D0A /* Build configuration list for PBXNativeTarget "ModbusApp" */ = {
			isa = XCConfigurationList;
			buildConfigurations = (
				77B0793B252B393D005D9D0A /* Debug */,
				77B0793C252B393D005D9D0A /* Release */,
			);
			defaultConfigurationIsVisible = 0;
			defaultConfigurationName = Release;
		};
		77B0793D252B393D005D9D0A /* Build configuration list for PBXNativeTarget "ModbusAppTests" */ = {
			isa = XCConfigurationList;
			buildConfigurations = (
				77B0793E252B393D005D9D0A /* Debug */,
				77B0793F252B393D005D9D0A /* Release */,
			);
			defaultConfigurationIsVisible = 0;
			defaultConfigurationName = Release;
		};
/* End XCConfigurationList section */
	};
	rootObject = 77B07913252B393C005D9D0A /* Project object */;
}
